dependencies:
- name: kubedb-metrics
  repository: file://../kubedb-metrics
  version: v2023.01.17
- name: kubedb-ui-server
  repository: file://../kubedb-ui-server
  version: v0.6.1
- name: kubedb-grafana-dashboards
  repository: file://../kubedb-grafana-dashboards
  version: v2023.01.17
digest: sha256:e1d4efa1bd608e3b52a916cb0af0d4da65a0a0514d8ba9d72f9effc2cb96180d
generated: "2023-01-17T08:57:58.355617748Z"
