dependencies:
- name: kubedb-metrics
  repository: file://../kubedb-metrics
  version: v2023.10.26-rc.0
- name: kubedb-ui-server
  repository: file://../kubedb-ui-server
  version: v0.12.0
- name: kubedb-grafana-dashboards
  repository: file://../kubedb-grafana-dashboards
  version: v2023.10.26-rc.0
digest: sha256:b0f85b165df662b5b04e3c3be914a1c68bfdfeab48789fcc754a5a1869dcfdb3
generated: "2023-10-26T01:00:01.620503-07:00"
