dependencies:
- name: kubedb-metrics
  repository: file://../kubedb-metrics
  version: v2025.7.30-rc.0
- name: kubedb-ui-server
  repository: file://../kubedb-ui-server
  version: v0.33.0-rc.0
- name: kubedb-grafana-dashboards
  repository: file://../kubedb-grafana-dashboards
  version: v2025.7.30-rc.0
- name: ace-user-roles
  repository: oci://ghcr.io/appscode-charts
  version: v2025.3.14
digest: sha256:bb70c49b92eb5257d154ad5f5c8d7112fa2f338c0b237268d6860d5333eef049
generated: "2025-08-01T20:34:45.412880649Z"
