dependencies:
- name: kubedb-catalog
  repository: file://../kubedb-catalog
  version: v2023.02.28
- name: kubedb-provisioner
  repository: file://../kubedb-provisioner
  version: v0.32.0
- name: kubedb-ops-manager
  repository: file://../kubedb-ops-manager
  version: v0.19.0
- name: kubedb-autoscaler
  repository: file://../kubedb-autoscaler
  version: v0.17.0
- name: kubedb-dashboard
  repository: file://../kubedb-dashboard
  version: v0.8.0
- name: kubedb-schema-manager
  repository: file://../kubedb-schema-manager
  version: v0.8.0
- name: kubedb-webhook-server
  repository: file://../kubedb-webhook-server
  version: v0.8.0
- name: stash-enterprise
  repository: https://charts.appscode.com/stable/
  version: v0.28.0
- name: stash-catalog
  repository: https://charts.appscode.com/stable/
  version: v2023.03.20
digest: sha256:d6bfadd19284185a13643b1e4da4ebfbcb7cac95e24ddb2ce6068f39b81277b8
generated: "2023-03-27T11:25:43.400587-07:00"
