dependencies:
- name: kubedb-catalog
  repository: file://../kubedb-catalog
  version: v2023.04.10
- name: kubedb-provisioner
  repository: file://../kubedb-provisioner
  version: v0.33.0
- name: kubedb-ops-manager
  repository: file://../kubedb-ops-manager
  version: v0.20.0
- name: kubedb-autoscaler
  repository: file://../kubedb-autoscaler
  version: v0.18.0
- name: kubedb-dashboard
  repository: file://../kubedb-dashboard
  version: v0.9.0
- name: kubedb-schema-manager
  repository: file://../kubedb-schema-manager
  version: v0.9.0
- name: kubedb-webhook-server
  repository: file://../kubedb-webhook-server
  version: v0.9.0
- name: kubedb-metrics
  repository: file://../kubedb-metrics
  version: v2023.04.10
- name: stash-enterprise
  repository: https://charts.appscode.com/stable/
  version: v0.28.0
- name: stash-catalog
  repository: https://charts.appscode.com/stable/
  version: v2023.03.20
- name: stash-metrics
  repository: https://charts.appscode.com/stable/
  version: v2023.03.20
digest: sha256:555eab4c06384d8115489d654ecd90959d2c008fe90592a26633cf8c616dc656
generated: "2023-04-26T10:02:06.39453+02:00"
