dependencies:
- name: kubedb-crd-manager
  repository: file://../kubedb-crd-manager
  version: v0.0.2
- name: kubedb-provisioner
  repository: file://../kubedb-provisioner
  version: v0.41.0-rc.0
- name: kubedb-ops-manager
  repository: file://../kubedb-ops-manager
  version: v0.28.0-rc.0
- name: kubedb-autoscaler
  repository: file://../kubedb-autoscaler
  version: v0.26.0-rc.0
- name: kubedb-schema-manager
  repository: file://../kubedb-schema-manager
  version: v0.17.0-rc.0
- name: kubedb-webhook-server
  repository: file://../kubedb-webhook-server
  version: v0.17.0-rc.0
- name: kubedb-metrics
  repository: file://../kubedb-metrics
  version: v2024.1.26-rc.0
- name: kubedb-catalog
  repository: file://../kubedb-catalog
  version: v2024.1.26-rc.0
- name: stash-enterprise
  repository: https://charts.appscode.com/stable/
  version: v0.32.0
- name: stash-catalog
  repository: https://charts.appscode.com/stable/
  version: v2023.10.9
- name: stash-metrics
  repository: https://charts.appscode.com/stable/
  version: v2023.10.9
digest: sha256:5519ad899c2e02b456c7b4d0667b809fba5fb8fd0787f71bde3caeaa3da55413
generated: "2024-01-27T06:21:52.164456252Z"
