dependencies:
- name: petset
  repository: oci://ghcr.io/appscode-charts
  version: v2026.1.15
- name: operator-shard-manager
  repository: oci://ghcr.io/appscode-charts
  version: v2026.1.15
- name: sidekick
  repository: oci://ghcr.io/appscode-charts
  version: v2026.1.15
- name: supervisor
  repository: oci://ghcr.io/appscode-charts
  version: v2026.1.15
- name: kubedb-crd-manager
  repository: file://../kubedb-crd-manager
  version: v0.15.0
- name: kubedb-provisioner
  repository: file://../kubedb-provisioner
  version: v0.60.0
- name: kubedb-ops-manager
  repository: file://../kubedb-ops-manager
  version: v0.47.0
- name: kubedb-autoscaler
  repository: file://../kubedb-autoscaler
  version: v0.45.0
- name: kubedb-schema-manager
  repository: file://../kubedb-schema-manager
  version: v0.36.0
- name: kubedb-webhook-server
  repository: file://../kubedb-webhook-server
  version: v0.36.0
- name: kubedb-metrics
  repository: file://../kubedb-metrics
  version: v2026.1.19
- name: kubedb-catalog
  repository: file://../kubedb-catalog
  version: v2026.1.19
- name: kubedb-kubestash-catalog
  repository: file://../kubedb-kubestash-catalog
  version: v2026.1.19
- name: kubedb-gitops
  repository: file://../kubedb-gitops
  version: v0.8.0
- name: ace-user-roles
  repository: oci://ghcr.io/appscode-charts
  version: v2025.3.14
digest: sha256:376dddc4a1d4c14a84266f1069b97abc5ccdfe1da775b929d649ac8dd0414034
generated: "2026-01-22T13:03:59.160072277+06:00"
