dependencies:
- name: petset
  repository: oci://ghcr.io/appscode-charts
  version: v2026.5.22
- name: operator-shard-manager
  repository: oci://ghcr.io/appscode-charts
  version: v2026.6.22
- name: sidekick
  repository: oci://ghcr.io/appscode-charts
  version: v2026.6.22
- name: supervisor
  repository: oci://ghcr.io/appscode-charts
  version: v2026.2.16
- name: kubedb-crd-manager
  repository: file://../kubedb-crd-manager
  version: v0.22.0-rc.2
- name: kubedb-provisioner
  repository: file://../kubedb-provisioner
  version: v0.67.0-rc.2
- name: kubedb-ops-manager
  repository: file://../kubedb-ops-manager
  version: v0.54.0-rc.2
- name: kubedb-autoscaler
  repository: file://../kubedb-autoscaler
  version: v0.52.0-rc.2
- name: kubedb-schema-manager
  repository: file://../kubedb-schema-manager
  version: v0.43.0-rc.2
- name: kubedb-webhook-server
  repository: file://../kubedb-webhook-server
  version: v0.43.0-rc.2
- name: kubedb-metrics
  repository: file://../kubedb-metrics
  version: v2026.8.26-rc.2
- name: kubedb-catalog
  repository: file://../kubedb-catalog
  version: v2026.8.26-rc.2
- name: kubedb-kubestash-catalog
  repository: file://../kubedb-kubestash-catalog
  version: v2026.8.26-rc.2
- name: kubedb-gitops
  repository: file://../kubedb-gitops
  version: v0.15.0-rc.2
- name: kubedb-courier
  repository: file://../kubedb-courier
  version: v0.7.0-rc.2
- name: ace-user-roles
  repository: oci://ghcr.io/appscode-charts
  version: v2026.6.12
digest: sha256:df9f7b89aa0aed7f1b7a34b73fc11e0ca12f26eb41b388e0da4f2d8f9d272807
generated: "2026-08-26T08:11:32.034537027Z"
