dependencies:
- name: petset
  repository: oci://ghcr.io/appscode-charts
  version: v2025.12.15
- name: operator-shard-manager
  repository: oci://ghcr.io/appscode-charts
  version: v2025.12.15
- name: sidekick
  repository: oci://ghcr.io/appscode-charts
  version: v2025.12.15
- name: supervisor
  repository: oci://ghcr.io/appscode-charts
  version: v2025.12.15
- name: kubedb-crd-manager
  repository: file://../kubedb-crd-manager
  version: v0.15.0-rc.1
- name: kubedb-provisioner
  repository: file://../kubedb-provisioner
  version: v0.60.0-rc.1
- name: kubedb-ops-manager
  repository: file://../kubedb-ops-manager
  version: v0.47.0-rc.1
- name: kubedb-autoscaler
  repository: file://../kubedb-autoscaler
  version: v0.45.0-rc.1
- name: kubedb-schema-manager
  repository: file://../kubedb-schema-manager
  version: v0.36.0-rc.1
- name: kubedb-webhook-server
  repository: file://../kubedb-webhook-server
  version: v0.36.0-rc.1
- name: kubedb-metrics
  repository: file://../kubedb-metrics
  version: v2025.12.31-rc.1
- name: kubedb-catalog
  repository: file://../kubedb-catalog
  version: v2025.12.31-rc.1
- name: kubedb-kubestash-catalog
  repository: file://../kubedb-kubestash-catalog
  version: v2025.12.31-rc.1
- name: kubedb-gitops
  repository: file://../kubedb-gitops
  version: v0.8.0-rc.1
- name: ace-user-roles
  repository: oci://ghcr.io/appscode-charts
  version: v2025.3.14
digest: sha256:f24180b9dc5e960dc5fb0d68fefc05d23ad7cbfe0ab4aa5448aea187a63fe4f1
generated: "2026-01-01T03:18:32.065751937Z"
