dependencies:
- name: petset
  repository: oci://ghcr.io/appscode-charts
  version: v2026.1.15
- name: operator-shard-manager
  repository: oci://ghcr.io/appscode-charts
  version: v2026.1.15
- name: sidekick
  repository: oci://ghcr.io/appscode-charts
  version: v2026.1.15
- name: supervisor
  repository: oci://ghcr.io/appscode-charts
  version: v2026.1.15
- name: kubedb-crd-manager
  repository: file://../kubedb-crd-manager
  version: v0.16.0-rc.0
- name: kubedb-provisioner
  repository: file://../kubedb-provisioner
  version: v0.61.0-rc.0
- name: kubedb-ops-manager
  repository: file://../kubedb-ops-manager
  version: v0.48.0-rc.0
- name: kubedb-autoscaler
  repository: file://../kubedb-autoscaler
  version: v0.46.0-rc.0
- name: kubedb-schema-manager
  repository: file://../kubedb-schema-manager
  version: v0.37.0-rc.0
- name: kubedb-webhook-server
  repository: file://../kubedb-webhook-server
  version: v0.37.0-rc.0
- name: kubedb-metrics
  repository: file://../kubedb-metrics
  version: v2026.2.16-rc.0
- name: kubedb-catalog
  repository: file://../kubedb-catalog
  version: v2026.2.16-rc.0
- name: kubedb-kubestash-catalog
  repository: file://../kubedb-kubestash-catalog
  version: v2026.2.16-rc.0
- name: kubedb-gitops
  repository: file://../kubedb-gitops
  version: v0.9.0-rc.0
- name: ace-user-roles
  repository: oci://ghcr.io/appscode-charts
  version: v2026.2.16
digest: sha256:3b775738a9d65a6dedf981e20a47e742971988f1195fc8296e2dbf91f8af6caa
generated: "2026-02-17T17:24:08.580507241Z"
