dependencies:
- name: kubedb-catalog
  repository: file://../kubedb-catalog
  version: v2022.10.18
- name: kubedb-provisioner
  repository: file://../kubedb-provisioner
  version: v0.29.0
- name: kubedb-ops-manager
  repository: file://../kubedb-ops-manager
  version: v0.16.0
- name: kubedb-autoscaler
  repository: file://../kubedb-autoscaler
  version: v0.14.0
- name: kubedb-dashboard
  repository: file://../kubedb-dashboard
  version: v0.5.0
- name: kubedb-schema-manager
  repository: file://../kubedb-schema-manager
  version: v0.5.0
- name: kubedb-webhook-server
  repository: file://../kubedb-webhook-server
  version: v0.5.0
digest: sha256:8b5959eee6d280e0890535d3a509255d8ae1a34ee0cd5ec3bcdb32394bba97c0
generated: "2022-10-15T18:32:31.884547463Z"
