dependencies:
- name: petset
  repository: oci://ghcr.io/appscode-charts
  version: v2024.2.11
- name: sidekick
  repository: oci://ghcr.io/appscode-charts
  version: v2024.2.6
- name: supervisor
  repository: oci://ghcr.io/appscode-charts
  version: v2024.2.6
- name: kubedb-crd-manager
  repository: file://../kubedb-crd-manager
  version: v0.0.5
- name: kubedb-provisioner
  repository: file://../kubedb-provisioner
  version: v0.42.0
- name: kubedb-ops-manager
  repository: file://../kubedb-ops-manager
  version: v0.29.0
- name: kubedb-autoscaler
  repository: file://../kubedb-autoscaler
  version: v0.27.0
- name: kubedb-schema-manager
  repository: file://../kubedb-schema-manager
  version: v0.18.0
- name: kubedb-webhook-server
  repository: file://../kubedb-webhook-server
  version: v0.18.0
- name: kubedb-metrics
  repository: file://../kubedb-metrics
  version: v2024.2.14
- name: kubedb-catalog
  repository: file://../kubedb-catalog
  version: v2024.2.14
- name: kubedb-kubestash-catalog
  repository: file://../kubedb-kubestash-catalog
  version: v2024.2.14
digest: sha256:cccd98232242bb35f1694d28c813101857c24bd59e7a3f78be04a97ecb11b7bf
generated: "2024-02-14T23:48:15.606801925Z"
